
Microsoft Visual Studio Solution File, Format Version 12.00
Project("{FAE04EC0-301F-11D3-BF4B-00C04F79EFBC}") = "DSMOOServer", "DSMOOServer\DSMOOServer.csproj", "{918EBF67-11C3-4508-9080-2319604A1516}"
EndProject
Project("{FAE04EC0-301F-11D3-BF4B-00C04F79EFBC}") = "DSMOOFramework", "DSMOOFramework\DSMOOFramework.csproj", "{F1150E82-5C9F-409F-AACA-022A82F17458}"
EndProject
Project("{FAE04EC0-301F-11D3-BF4B-00C04F79EFBC}") = "DSMOOConsole", "DSMOOConsole\DSMOOConsole.csproj", "{88F316D9-A1EA-4C72-B1F5-5E0FD72E8030}"
EndProject
Project("{FAE04EC0-301F-11D3-BF4B-00C04F79EFBC}") = "DSMOOFlip", "DSMOOFlip\DSMOOFlip.csproj", "{5626AB20-AB3D-41D9-9DCF-0CD1F849B22D}"
EndProject
Project("{FAE04EC0-301F-11D3-BF4B-00C04F79EFBC}") = "DSMOODiscordBot", "DSMOODiscordBot\DSMOODiscordBot.csproj", "{B7343950-C44B-409C-9A57-2C3CD7C0A876}"
EndProject
Project("{FAE04EC0-301F-11D3-BF4B-00C04F79EFBC}") = "DSMOOWebInterface", "DSMOOWebInterface\DSMOOWebInterface.csproj", "{90D8BBB7-A722-4D00-BC17-DC033DC7B32F}"
EndProject
Project("{FAE04EC0-301F-11D3-BF4B-00C04F79EFBC}") = "DSMOOProximityVoiceChat", "DSMOOProximityVoiceChat\DSMOOProximityVoiceChat.csproj", "{D6926B69-571B-48C1-B045-31683426EB62}"
EndProject
Project("{FAE04EC0-301F-11D3-BF4B-00C04F79EFBC}") = "DSMOOPlus", "DSMOOPlus\DSMOOPlus.csproj", "{06CB0661-0C6D-46CE-BE2A-22AD4565D92D}"
EndProject
Global
	GlobalSection(SolutionConfigurationPlatforms) = preSolution
		Debug|Any CPU = Debug|Any CPU
		Release|Any CPU = Release|Any CPU
	EndGlobalSection
	GlobalSection(ProjectConfigurationPlatforms) = postSolution
		{918EBF67-11C3-4508-9080-2319604A1516}.Debug|Any CPU.ActiveCfg = Debug|Any CPU
		{918EBF67-11C3-4508-9080-2319604A1516}.Debug|Any CPU.Build.0 = Debug|Any CPU
		{918EBF67-11C3-4508-9080-2319604A1516}.Release|Any CPU.ActiveCfg = Release|Any CPU
		{918EBF67-11C3-4508-9080-2319604A1516}.Release|Any CPU.Build.0 = Release|Any CPU
		{F1150E82-5C9F-409F-AACA-022A82F17458}.Debug|Any CPU.ActiveCfg = Debug|Any CPU
		{F1150E82-5C9F-409F-AACA-022A82F17458}.Debug|Any CPU.Build.0 = Debug|Any CPU
		{F1150E82-5C9F-409F-AACA-022A82F17458}.Release|Any CPU.ActiveCfg = Release|Any CPU
		{F1150E82-5C9F-409F-AACA-022A82F17458}.Release|Any CPU.Build.0 = Release|Any CPU
		{88F316D9-A1EA-4C72-B1F5-5E0FD72E8030}.Debug|Any CPU.ActiveCfg = Debug|Any CPU
		{88F316D9-A1EA-4C72-B1F5-5E0FD72E8030}.Debug|Any CPU.Build.0 = Debug|Any CPU
		{88F316D9-A1EA-4C72-B1F5-5E0FD72E8030}.Release|Any CPU.ActiveCfg = Release|Any CPU
		{88F316D9-A1EA-4C72-B1F5-5E0FD72E8030}.Release|Any CPU.Build.0 = Release|Any CPU
		{5626AB20-AB3D-41D9-9DCF-0CD1F849B22D}.Debug|Any CPU.ActiveCfg = Debug|Any CPU
		{5626AB20-AB3D-41D9-9DCF-0CD1F849B22D}.Debug|Any CPU.Build.0 = Debug|Any CPU
		{5626AB20-AB3D-41D9-9DCF-0CD1F849B22D}.Release|Any CPU.ActiveCfg = Release|Any CPU
		{5626AB20-AB3D-41D9-9DCF-0CD1F849B22D}.Release|Any CPU.Build.0 = Release|Any CPU
		{B7343950-C44B-409C-9A57-2C3CD7C0A876}.Debug|Any CPU.ActiveCfg = Debug|Any CPU
		{B7343950-C44B-409C-9A57-2C3CD7C0A876}.Debug|Any CPU.Build.0 = Debug|Any CPU
		{B7343950-C44B-409C-9A57-2C3CD7C0A876}.Release|Any CPU.ActiveCfg = Release|Any CPU
		{B7343950-C44B-409C-9A57-2C3CD7C0A876}.Release|Any CPU.Build.0 = Release|Any CPU
		{90D8BBB7-A722-4D00-BC17-DC033DC7B32F}.Debug|Any CPU.ActiveCfg = Debug|Any CPU
		{90D8BBB7-A722-4D00-BC17-DC033DC7B32F}.Debug|Any CPU.Build.0 = Debug|Any CPU
		{90D8BBB7-A722-4D00-BC17-DC033DC7B32F}.Release|Any CPU.ActiveCfg = Release|Any CPU
		{90D8BBB7-A722-4D00-BC17-DC033DC7B32F}.Release|Any CPU.Build.0 = Release|Any CPU
		{D6926B69-571B-48C1-B045-31683426EB62}.Debug|Any CPU.ActiveCfg = Debug|Any CPU
		{D6926B69-571B-48C1-B045-31683426EB62}.Debug|Any CPU.Build.0 = Debug|Any CPU
		{D6926B69-571B-48C1-B045-31683426EB62}.Release|Any CPU.ActiveCfg = Release|Any CPU
		{D6926B69-571B-48C1-B045-31683426EB62}.Release|Any CPU.Build.0 = Release|Any CPU
		{06CB0661-0C6D-46CE-BE2A-22AD4565D92D}.Debug|Any CPU.ActiveCfg = Debug|Any CPU
		{06CB0661-0C6D-46CE-BE2A-22AD4565D92D}.Debug|Any CPU.Build.0 = Debug|Any CPU
		{06CB0661-0C6D-46CE-BE2A-22AD4565D92D}.Release|Any CPU.ActiveCfg = Release|Any CPU
		{06CB0661-0C6D-46CE-BE2A-22AD4565D92D}.Release|Any CPU.Build.0 = Release|Any CPU
	EndGlobalSection
EndGlobal
